
Microsoft Visual Studio Solution File, Format Version 12.00
# Visual Studio 15
VisualStudioVersion = 15.0.27703.2026
MinimumVisualStudioVersion = 10.0.40219.1
Project("{FAE04EC0-301F-11D3-BF4B-00C04F79EFBC}") = "StringCalculatorKata.Tests", "StringCalculatorKata.Tests\StringCalculatorKata.Tests.csproj", "{B284934B-D03C-434B-BCF7-96F3F113CCCB}"
EndProject
Project("{FAE04EC0-301F-11D3-BF4B-00C04F79EFBC}") = "StringCalculatorKata", "StringCalculatorKata\StringCalculatorKata.csproj", "{5D1DFA9A-3A68-4071-AC30-19FD198228CD}"
EndProject
Global
	GlobalSection(SolutionConfigurationPlatforms) = preSolution
		Debug|Any CPU = Debug|Any CPU
		Release|Any CPU = Release|Any CPU
	EndGlobalSection
	GlobalSection(ProjectConfigurationPlatforms) = postSolution
		{B284934B-D03C-434B-BCF7-96F3F113CCCB}.Debug|Any CPU.ActiveCfg = Debug|Any CPU
		{B284934B-D03C-434B-BCF7-96F3F113CCCB}.Debug|Any CPU.Build.0 = Debug|Any CPU
		{B284934B-D03C-434B-BCF7-96F3F113CCCB}.Release|Any CPU.ActiveCfg = Release|Any CPU
		{B284934B-D03C-434B-BCF7-96F3F113CCCB}.Release|Any CPU.Build.0 = Release|Any CPU
		{5D1DFA9A-3A68-4071-AC30-19FD198228CD}.Debug|Any CPU.ActiveCfg = Debug|Any CPU
		{5D1DFA9A-3A68-4071-AC30-19FD198228CD}.Debug|Any CPU.Build.0 = Debug|Any CPU
		{5D1DFA9A-3A68-4071-AC30-19FD198228CD}.Release|Any CPU.ActiveCfg = Release|Any CPU
		{5D1DFA9A-3A68-4071-AC30-19FD198228CD}.Release|Any CPU.Build.0 = Release|Any CPU
	EndGlobalSection
	GlobalSection(SolutionProperties) = preSolution
		HideSolutionNode = FALSE
	EndGlobalSection
	GlobalSection(ExtensibilityGlobals) = postSolution
		SolutionGuid = {27609554-8C8D-43FA-851F-9DA9681F7173}
	EndGlobalSection
EndGlobal
